Microsoft Visual Studio Solution File, Format Version 12.00
# Visual Studio Version 17
VisualStudioVersion = 17.5.2.0
MinimumVisualStudioVersion = 10.0.40219.1
Project("{FAE04EC0-301F-11D3-BF4B-00C04F79EFBC}") = "AuctionSite", "AuctionSite\AuctionSite.csproj", "{38F2D72D-2FB2-F5AC-5EED-C1612E8502FE}"
EndProject
Global
	GlobalSection(SolutionConfigurationPlatforms) = preSolution
		Debug|Any CPU = Debug|Any CPU
		Release|Any CPU = Release|Any CPU
	EndGlobalSection
	GlobalSection(ProjectConfigurationPlatforms) = postSolution
		{38F2D72D-2FB2-F5AC-5EED-C1612E8502FE}.Debug|Any CPU.ActiveCfg = Debug|Any CPU
		{38F2D72D-2FB2-F5AC-5EED-C1612E8502FE}.Debug|Any CPU.Build.0 = Debug|Any CPU
		{38F2D72D-2FB2-F5AC-5EED-C1612E8502FE}.Release|Any CPU.ActiveCfg = Release|Any CPU
		{38F2D72D-2FB2-F5AC-5EED-C1612E8502FE}.Release|Any CPU.Build.0 = Release|Any CPU
	EndGlobalSection
	GlobalSection(SolutionProperties) = preSolution
		HideSolutionNode = FALSE
	EndGlobalSection
	GlobalSection(ExtensibilityGlobals) = postSolution
		SolutionGuid = {F14D173B-6F00-43C6-8018-AB6554A2F8A0}
	EndGlobalSection
EndGlobal
